
Microsoft Visual Studio Solution File, Format Version 12.00
# Visual Studio Version 17
VisualStudioVersion = 17.9.34728.123
MinimumVisualStudioVersion = 10.0.40219.1
Project("{8BC9CEB8-8B4A-11D0-8D11-00A0C91BC942}") = "StreamReaderandWriter_0153", "StreamReaderandWriter_0153.vcxproj", "{B15A8190-D0EB-4529-8A84-090CB334511C}"
EndProject
Project("{8BC9CEB8-8B4A-11D0-8D11-00A0C91BC942}") = "ioFileWithPath", "..\ioFileWithPath\ioFileWithPath.vcxproj", "{DC05C5A0-06B8-4278-AB53-E400F0C4FD00}"
EndProject
Project("{8BC9CEB8-8B4A-11D0-8D11-00A0C91BC942}") = "manualExeption", "..\manualExeption\manualExeption.vcxproj", "{18259B44-73A6-48D7-B99A-5030A7AB2636}"
EndProject
Project("{8BC9CEB8-8B4A-11D0-8D11-00A0C91BC942}") = "exeptionStandart", "..\exeptionStandart\exeptionStandart.vcxproj", "{433DB8E2-CF1B-4B19-9F85-57B93219D1A5}"
EndProject
Global
	GlobalSection(SolutionConfigurationPlatforms) = preSolution
		Debug|x64 = Debug|x64
		Debug|x86 = Debug|x86
		Release|x64 = Release|x64
		Release|x86 = Release|x86
	EndGlobalSection
	GlobalSection(ProjectConfigurationPlatforms) = postSolution
		{B15A8190-D0EB-4529-8A84-090CB334511C}.Debug|x64.ActiveCfg = Debug|x64
		{B15A8190-D0EB-4529-8A84-090CB334511C}.Debug|x64.Build.0 = Debug|x64
		{B15A8190-D0EB-4529-8A84-090CB334511C}.Debug|x86.ActiveCfg = Debug|Win32
		{B15A8190-D0EB-4529-8A84-090CB334511C}.Debug|x86.Build.0 = Debug|Win32
		{B15A8190-D0EB-4529-8A84-090CB334511C}.Release|x64.ActiveCfg = Release|x64
		{B15A8190-D0EB-4529-8A84-090CB334511C}.Release|x64.Build.0 = Release|x64
		{B15A8190-D0EB-4529-8A84-090CB334511C}.Release|x86.ActiveCfg = Release|Win32
		{B15A8190-D0EB-4529-8A84-090CB334511C}.Release|x86.Build.0 = Release|Win32
		{DC05C5A0-06B8-4278-AB53-E400F0C4FD00}.Debug|x64.ActiveCfg = Debug|x64
		{DC05C5A0-06B8-4278-AB53-E400F0C4FD00}.Debug|x64.Build.0 = Debug|x64
		{DC05C5A0-06B8-4278-AB53-E400F0C4FD00}.Debug|x86.ActiveCfg = Debug|Win32
		{DC05C5A0-06B8-4278-AB53-E400F0C4FD00}.Debug|x86.Build.0 = Debug|Win32
		{DC05C5A0-06B8-4278-AB53-E400F0C4FD00}.Release|x64.ActiveCfg = Release|x64
		{DC05C5A0-06B8-4278-AB53-E400F0C4FD00}.Release|x64.Build.0 = Release|x64
		{DC05C5A0-06B8-4278-AB53-E400F0C4FD00}.Release|x86.ActiveCfg = Release|Win32
		{DC05C5A0-06B8-4278-AB53-E400F0C4FD00}.Release|x86.Build.0 = Release|Win32
		{18259B44-73A6-48D7-B99A-5030A7AB2636}.Debug|x64.ActiveCfg = Debug|x64
		{18259B44-73A6-48D7-B99A-5030A7AB2636}.Debug|x64.Build.0 = Debug|x64
		{18259B44-73A6-48D7-B99A-5030A7AB2636}.Debug|x86.ActiveCfg = Debug|Win32
		{18259B44-73A6-48D7-B99A-5030A7AB2636}.Debug|x86.Build.0 = Debug|Win32
		{18259B44-73A6-48D7-B99A-5030A7AB2636}.Release|x64.ActiveCfg = Release|x64
		{18259B44-73A6-48D7-B99A-5030A7AB2636}.Release|x64.Build.0 = Release|x64
		{18259B44-73A6-48D7-B99A-5030A7AB2636}.Release|x86.ActiveCfg = Release|Win32
		{18259B44-73A6-48D7-B99A-5030A7AB2636}.Release|x86.Build.0 = Release|Win32
		{433DB8E2-CF1B-4B19-9F85-57B93219D1A5}.Debug|x64.ActiveCfg = Debug|x64
		{433DB8E2-CF1B-4B19-9F85-57B93219D1A5}.Debug|x64.Build.0 = Debug|x64
		{433DB8E2-CF1B-4B19-9F85-57B93219D1A5}.Debug|x86.ActiveCfg = Debug|Win32
		{433DB8E2-CF1B-4B19-9F85-57B93219D1A5}.Debug|x86.Build.0 = Debug|Win32
		{433DB8E2-CF1B-4B19-9F85-57B93219D1A5}.Release|x64.ActiveCfg = Release|x64
		{433DB8E2-CF1B-4B19-9F85-57B93219D1A5}.Release|x64.Build.0 = Release|x64
		{433DB8E2-CF1B-4B19-9F85-57B93219D1A5}.Release|x86.ActiveCfg = Release|Win32
		{433DB8E2-CF1B-4B19-9F85-57B93219D1A5}.Release|x86.Build.0 = Release|Win32
	EndGlobalSection
	GlobalSection(SolutionProperties) = preSolution
		HideSolutionNode = FALSE
	EndGlobalSection
	GlobalSection(ExtensibilityGlobals) = postSolution
		SolutionGuid = {2F2DD530-D2D2-4E88-A207-35E95A52EEC9}
	EndGlobalSection
EndGlobal
